// !$*UTF8*$!
{
	archiveVersion = 1;
	classes = {
	};
	objectVersion = 46;
	objects = {

/* Begin PBXBuildFile section */
		E585BF1F1F70446A00D1DF3D /* AppDelegate.swift in Sources */ = {isa = PBXBuildFile; fileRef = E585BF1E1F70446A00D1DF3D /* AppDelegate.swift */; };
		E585BF211F70446A00D1DF3D /* ViewController.swift in Sources */ = {isa = PBXBuildFile; fileRef = E585BF201F70446A00D1DF3D /* ViewController.swift */; };
		E585BF241F70446A00D1DF3D /* Main.storyboard in Resources */ = {isa = PBXBuildFile; fileRef = E585BF221F70446A00D1DF3D /* Main.storyboard */; };
		E585BF261F70446A00D1DF3D /* Assets.xcassets in Resources */ = {isa = PBXBuildFile; fileRef = E585BF251F70446A00D1DF3D /* Assets.xcassets */; };
		E585BF291F70446A00D1DF3D /* LaunchScreen.storyboard in Resources */ = {isa = PBXBuildFile; fileRef = E585BF271F70446A00D1DF3D /* LaunchScreen.storyboard */; };
		E585BF341F70446A00D1DF3D /* FoodTrackerTests.swift in Sources */ = {isa = PBXBuildFile; fileRef = E585BF331F70446A00D1DF3D /* FoodTrackerTests.swift */; };
		E585BF3F1F70446A00D1DF3D /* FoodTrackerUITests.swift in Sources */ = {isa = PBXBuildFile; fileRef = E585BF3E1F70446A00D1DF3D /* FoodTrackerUITests.swift */; };
/* End PBXBuildFile section */

/* Begin PBXContainerItemProxy section */
		E585BF301F70446A00D1DF3D /* PBXContainerItemProxy */ = {
			isa = PBXContainerItemProxy;
			containerPortal = E585BF131F70446A00D1DF3D /* Project object */;
			proxyType = 1;
			remoteGlobalIDString = E585BF1A1F70446A00D1DF3D;
			remoteInfo = FoodTracker;
		};
		E585BF3B1F70446A00D1DF3D /* PBXContainerItemProxy */ = {
			isa = PBXContainerItemProxy;
			containerPortal = E585BF131F70446A00D1DF3D /* Project object */;
			proxyType = 1;
			remoteGlobalIDString = E585BF1A1F70446A00D1DF3D;
			remoteInfo = FoodTracker;
		};
/* End PBXContainerItemProxy section */

/* Begin PBXFileReference section */
		E585BF1B1F70446A00D1DF3D /* FoodTracker.app */ = {isa = PBXFileReference; explicitFileType = wrapper.application; includeInIndex = 0; path = FoodTracker.app; sourceTree = BUILT_PRODUCTS_DIR; };
		E585BF1E1F70446A00D1DF3D /* AppDelegate.swift */ = {isa = PBXFileReference; lastKnownFileType = sourcecode.swift; path = AppDelegate.swift; sourceTree = "<group>"; };
		E585BF201F70446A00D1DF3D /* ViewController.swift */ = {isa = PBXFileReference; lastKnownFileType = sourcecode.swift; path = ViewController.swift; sourceTree = "<group>"; };
		E585BF231F70446A00D1DF3D /* Base */ = {isa = PBXFileReference; lastKnownFileType = file.storyboard; name = Base; path = Base.lproj/Main.storyboard; sourceTree = "<group>"; };
		E585BF251F70446A00D1DF3D /* Assets.xcassets */ = {isa = PBXFileReference; lastKnownFileType = folder.assetcatalog; path = Assets.xcassets; sourceTree = "<group>"; };
		E585BF281F70446A00D1DF3D /* Base */ = {isa = PBXFileReference; lastKnownFileType = file.storyboard; name = Base; path = Base.lproj/LaunchScreen.storyboard; sourceTree = "<group>"; };
		E585BF2A1F70446A00D1DF3D /* Info.plist */ = {isa = PBXFileReference; lastKnownFileType = text.plist.xml; path = Info.plist; sourceTree = "<group>"; };
		E585BF2F1F70446A00D1DF3D /* FoodTrackerTests.xctest */ = {isa = PBXFileReference; explicitFileType = wrapper.cfbundle; includeInIndex = 0; path = FoodTrackerTests.xctest; sourceTree = BUILT_PRODUCTS_DIR; };
		E585BF331F70446A00D1DF3D /* FoodTrackerTests.swift */ = {isa = PBXFileReference; lastKnownFileType = sourcecode.swift; path = FoodTrackerTests.swift; sourceTree = "<group>"; };
		E585BF351F70446A00D1DF3D /* Info.plist */ = {isa = PBXFileReference; lastKnownFileType = text.plist.xml; path = Info.plist; sourceTree = "<group>"; };
		E585BF3A1F70446A00D1DF3D /* FoodTrackerUITests.xctest */ = {isa = PBXFileReference; explicitFileType = wrapper.cfbundle; includeInIndex = 0; path = FoodTrackerUITests.xctest; sourceTree = BUILT_PRODUCTS_DIR; };
		E585BF3E1F70446A00D1DF3D /* FoodTrackerUITests.swift */ = {isa = PBXFileReference; lastKnownFileType = sourcecode.swift; path = FoodTrackerUITests.swift; sourceTree = "<group>"; };
		E585BF401F70446A00D1DF3D /* Info.plist */ = {isa = PBXFileReference; lastKnownFileType = text.plist.xml; path = Info.plist; sourceTree = "<group>"; };
/* End PBXFileReference section */

/* Begin PBXFrameworksBuildPhase section */
		E585BF181F70446A00D1DF3D /* Frameworks */ = {
			isa = PBXFrameworksBuildPhase;
			buildActionMask = 2147483647;
			files = (
			);
			runOnlyForDeploymentPostprocessing = 0;
		};
		E585BF2C1F70446A00D1DF3D /* Frameworks */ = {
			isa = PBXFrameworksBuildPhase;
			buildActionMask = 2147483647;
			files = (
			);
			runOnlyForDeploymentPostprocessing = 0;
		};
		E585BF371F70446A00D1DF3D /* Frameworks */ = {
			isa = PBXFrameworksBuildPhase;
			buildActionMask = 2147483647;
			files = (
			);
			runOnlyForDeploymentPostprocessing = 0;
		};
/* End PBXFrameworksBuildPhase section */

/* Begin PBXGroup section */
		E585BF121F70446A00D1DF3D = {
			isa = PBXGroup;
			children = (
				E585BF1D1F70446A00D1DF3D /* FoodTracker */,
				E585BF321F70446A00D1DF3D /* FoodTrackerTests */,
				E585BF3D1F70446A00D1DF3D /* FoodTrackerUITests */,
				E585BF1C1F70446A00D1DF3D /* Products */,
			);
			sourceTree = "<group>";
		};
		E585BF1C1F70446A00D1DF3D /* Products */ = {
			isa = PBXGroup;
			children = (
				E585BF1B1F70446A00D1DF3D /* FoodTracker.app */,
				E585BF2F1F70446A00D1DF3D /* FoodTrackerTests.xctest */,
				E585BF3A1F70446A00D1DF3D /* FoodTrackerUITests.xctest */,
			);
			name = Products;
			sourceTree = "<group>";
		};
		E585BF1D1F70446A00D1DF3D /* FoodTracker */ = {
			isa = PBXGroup;
			children = (
				E585BF1E1F70446A00D1DF3D /* AppDelegate.swift */,
				E585BF201F70446A00D1DF3D /* ViewController.swift */,
				E585BF221F70446A00D1DF3D /* Main.storyboard */,
				E585BF251F70446A00D1DF3D /* Assets.xcassets */,
				E585BF271F70446A00D1DF3D /* LaunchScreen.storyboard */,
				E585BF2A1F70446A00D1DF3D /* Info.plist */,
			);
			path = FoodTracker;
			sourceTree = "<group>";
		};
		E585BF321F70446A00D1DF3D /* FoodTrackerTests */ = {
			isa = PBXGroup;
			children = (
				E585BF331F70446A00D1DF3D /* FoodTrackerTests.swift */,
				E585BF351F70446A00D1DF3D /* Info.plist */,
			);
			path = FoodTrackerTests;
			sourceTree = "<group>";
		};
		E585BF3D1F70446A00D1DF3D /* FoodTrackerUITests */ = {
			isa = PBXGroup;
			children = (
				E585BF3E1F70446A00D1DF3D /* FoodTrackerUITests.swift */,
				E585BF401F70446A00D1DF3D /* Info.plist */,
			);
			path = FoodTrackerUITests;
			sourceTree = "<group>";
		};
/* End PBXGroup section */

/* Begin PBXNativeTarget section */
		E585BF1A1F70446A00D1DF3D /* FoodTracker */ = {
			isa = PBXNativeTarget;
			buildConfigurationList = E585BF431F70446A00D1DF3D /* Build configuration list for PBXNativeTarget "FoodTracker" */;
			buildPhases = (
				E585BF171F70446A00D1DF3D /* Sources */,
				E585BF181F70446A00D1DF3D /* Frameworks */,
				E585BF191F70446A00D1DF3D /* Resources */,
			);
			buildRules = (
			);
			dependencies = (
			);
			name = FoodTracker;
			productName = FoodTracker;
			productReference = E585BF1B1F70446A00D1DF3D /* FoodTracker.app */;
			productType = "com.apple.product-type.application";
		};
		E585BF2E1F70446A00D1DF3D /* FoodTrackerTests */ = {
			isa = PBXNativeTarget;
			buildConfigurationList = E585BF461F70446A00D1DF3D /* Build configuration list for PBXNativeTarget "FoodTrackerTests" */;
			buildPhases = (
				E585BF2B1F70446A00D1DF3D /* Sources */,
				E585BF2C1F70446A00D1DF3D /* Frameworks */,
				E585BF2D1F70446A00D1DF3D /* Resources */,
			);
			buildRules = (
			);
			dependencies = (
				E585BF311F70446A00D1DF3D /* PBXTargetDependency */,
			);
			name = FoodTrackerTests;
			productName = FoodTrackerTests;
			productReference = E585BF2F1F70446A00D1DF3D /* FoodTrackerTests.xctest */;
			productType = "com.apple.product-type.bundle.unit-test";
		};
		E585BF391F70446A00D1DF3D /* FoodTrackerUITests */ = {
			isa = PBXNativeTarget;
			buildConfigurationList = E585BF491F70446A00D1DF3D /* Build configuration list for PBXNativeTarget "FoodTrackerUITests" */;
			buildPhases = (
				E585BF361F70446A00D1DF3D /* Sources */,
				E585BF371F70446A00D1DF3D /* Frameworks */,
				E585BF381F70446A00D1DF3D /* Resources */,
			);
			buildRules = (
			);
			dependencies = (
				E585BF3C1F70446A00D1DF3D /* PBXTargetDependency */,
			);
			name = FoodTrackerUITests;
			productName = FoodTrackerUITests;
			productReference = E585BF3A1F70446A00D1DF3D /* FoodTrackerUITests.xctest */;
			productType = "com.apple.product-type.bundle.ui-testing";
		};
/* End PBXNativeTarget section */

/* Begin PBXProject section */
		E585BF131F70446A00D1DF3D /* Project object */ = {
			isa = PBXProject;
			attributes = {
				LastSwiftUpdateCheck = 0830;
				LastUpgradeCheck = 0830;
				ORGANIZATIONNAME = cfdhbd;
				TargetAttributes = {
					E585BF1A1F70446A00D1DF3D = {
						CreatedOnToolsVersion = 8.3.3;
						ProvisioningStyle = Automatic;
					};
					E585BF2E1F70446A00D1DF3D = {
						CreatedOnToolsVersion = 8.3.3;
						ProvisioningStyle = Automatic;
						TestTargetID = E585BF1A1F70446A00D1DF3D;
					};
					E585BF391F70446A00D1DF3D = {
						CreatedOnToolsVersion = 8.3.3;
						ProvisioningStyle = Automatic;
						TestTargetID = E585BF1A1F70446A00D1DF3D;
					};
				};
			};
			buildConfigurationList = E585BF161F70446A00D1DF3D /* Build configuration list for PBXProject "FoodTracker" */;
			compatibilityVersion = "Xcode 3.2";
			developmentRegion = English;
			hasScannedForEncodings = 0;
			knownRegions = (
				en,
				Base,
			);
			mainGroup = E585BF121F70446A00D1DF3D;
			productRefGroup = E585BF1C1F70446A00D1DF3D /* Products */;
			projectDirPath = "";
			projectRoot = "";
			targets = (
				E585BF1A1F70446A00D1DF3D /* FoodTracker */,
				E585BF2E1F70446A00D1DF3D /* FoodTrackerTests */,
				E585BF391F70446A00D1DF3D /* FoodTrackerUITests */,
			);
		};
/* End PBXProject section */

/* Begin PBXResourcesBuildPhase section */
		E585BF191F70446A00D1DF3D /* Resources */ = {
			isa = PBXResourcesBuildPhase;
			buildActionMask = 2147483647;
			files = (
				E585BF291F70446A00D1DF3D /* LaunchScreen.storyboard in Resources */,
				E585BF261F70446A00D1DF3D /* Assets.xcassets in Resources */,
				E585BF241F70446A00D1DF3D /* Main.storyboard in Resources */,
			);
			runOnlyForDeploymentPostprocessing = 0;
		};
		E585BF2D1F70446A00D1DF3D /* Resources */ = {
			isa = PBXResourcesBuildPhase;
			buildActionMask = 2147483647;
			files = (
			);
			runOnlyForDeploymentPostprocessing = 0;
		};
		E585BF381F70446A00D1DF3D /* Resources */ = {
			isa = PBXResourcesBuildPhase;
			buildActionMask = 2147483647;
			files = (
			);
			runOnlyForDeploymentPostprocessing = 0;
		};
/* End PBXResourcesBuildPhase section */

/* Begin PBXSourcesBuildPhase section */
		E585BF171F70446A00D1DF3D /* Sources */ = {
			isa = PBXSourcesBuildPhase;
			buildActionMask = 2147483647;
			files = (
				E585BF211F70446A00D1DF3D /* ViewController.swift in Sources */,
				E585BF1F1F70446A00D1DF3D /* AppDelegate.swift in Sources */,
			);
			runOnlyForDeploymentPostprocessing = 0;
		};
		E585BF2B1F70446A00D1DF3D /* Sources */ = {
			isa = PBXSourcesBuildPhase;
			buildActionMask = 2147483647;
			files = (
				E585BF341F70446A00D1DF3D /* FoodTrackerTests.swift in Sources */,
			);
			runOnlyForDeploymentPostprocessing = 0;
		};
		E585BF361F70446A00D1DF3D /* Sources */ = {
			isa = PBXSourcesBuildPhase;
			buildActionMask = 2147483647;
			files = (
				E585BF3F1F70446A00D1DF3D /* FoodTrackerUITests.swift in Sources */,
			);
			runOnlyForDeploymentPostprocessing = 0;
		};
/* End PBXSourcesBuildPhase section */

/* Begin PBXTargetDependency section */
		E585BF311F70446A00D1DF3D /* PBXTargetDependency */ = {
			isa = PBXTargetDependency;
			target = E585BF1A1F70446A00D1DF3D /* FoodTracker */;
			targetProxy = E585BF301F70446A00D1DF3D /* PBXContainerItemProxy */;
		};
		E585BF3C1F70446A00D1DF3D /* PBXTargetDependency */ = {
			isa = PBXTargetDependency;
			target = E585BF1A1F70446A00D1DF3D /* FoodTracker */;
			targetProxy = E585BF3B1F70446A00D1DF3D /* PBXContainerItemProxy */;
		};
/* End PBXTargetDependency section */

/* Begin PBXVariantGroup section */
		E585BF221F70446A00D1DF3D /* Main.storyboard */ = {
			isa = PBXVariantGroup;
			children = (
				E585BF231F70446A00D1DF3D /* Base */,
			);
			name = Main.storyboard;
			sourceTree = "<group>";
		};
		E585BF271F70446A00D1DF3D /* LaunchScreen.storyboard */ = {
			isa = PBXVariantGroup;
			children = (
				E585BF281F70446A00D1DF3D /* Base */,
			);
			name = LaunchScreen.storyboard;
			sourceTree = "<group>";
		};
/* End PBXVariantGroup section */

/* Begin XCBuildConfiguration section */
		E585BF411F70446A00D1DF3D /* Debug */ = {
			isa = XCBuildConfiguration;
			buildSettings = {
				ALWAYS_SEARCH_USER_PATHS = NO;
				CLANG_ANALYZER_NONNULL = YES;
				CLANG_ANALYZER_NUMBER_OBJECT_CONVERSION = YES_AGGRESSIVE;
				CLANG_CXX_LANGUAGE_STANDARD = "gnu++0x";
				CLANG_CXX_LIBRARY = "libc++";
				CLANG_ENABLE_MODULES = YES;
				CLANG_ENABLE_OBJC_ARC = YES;
				CLANG_WARN_BOOL_CONVERSION = YES;
				CLANG_WARN_CONSTANT_CONVERSION = YES;
				CLANG_WARN_DIRECT_OBJC_ISA_USAGE = YES_ERROR;
				CLANG_WARN_DOCUMENTATION_COMMENTS = YES;
				CLANG_WARN_EMPTY_BODY = YES;
				CLANG_WARN_ENUM_CONVERSION = YES;
				CLANG_WARN_INFINITE_RECURSION = YES;
				CLANG_WARN_INT_CONVERSION = YES;
				CLANG_WARN_OBJC_ROOT_CLASS = YES_ERROR;
				CLANG_WARN_SUSPICIOUS_MOVE = YES;
				CLANG_WARN_UNREACHABLE_CODE = YES;
				CLANG_WARN__DUPLICATE_METHOD_MATCH = YES;
				"CODE_SIGN_IDENTITY[sdk=iphoneos*]" = "iPhone Developer";
				COPY_PHASE_STRIP = NO;
				DEBUG_INFORMATION_FORMAT = dwarf;
				ENABLE_STRICT_OBJC_MSGSEND = YES;
				ENABLE_TESTABILITY = YES;
				GCC_C_LANGUAGE_STANDARD = gnu99;
				GCC_DYNAMIC_NO_PIC = NO;
				GCC_NO_COMMON_BLOCKS = YES;
				GCC_OPTIMIZATION_LEVEL = 0;
				GCC_PREPROCESSOR_DEFINITIONS = (
					"DEBUG=1",
					"$(inherited)",
				);
				GCC_WARN_64_TO_32_BIT_CONVERSION = YES;
				GCC_WARN_ABOUT_RETURN_TYPE = YES_ERROR;
				GCC_WARN_UNDECLARED_SELECTOR = YES;
				GCC_WARN_UNINITIALIZED_AUTOS = YES_AGGRESSIVE;
				GCC_WARN_UNUSED_FUNCTION = YES;
				GCC_WARN_UNUSED_VARIABLE = YES;
				IPHONEOS_DEPLOYMENT_TARGET = 10.3;
				MTL_ENABLE_DEBUG_INFO = YES;
				ONLY_ACTIVE_ARCH = YES;
				SDKROOT = iphoneos;
				SWIFT_ACTIVE_COMPILATION_CONDITIONS = DEBUG;
				SWIFT_OPTIMIZATION_LEVEL = "-Onone";
				TARGETED_DEVICE_FAMILY = "1,2";
			};
			name = Debug;
		};
		E585BF421F70446A00D1DF3D /* Release */ = {
			isa = XCBuildConfiguration;
			buildSettings = {
				ALWAYS_SEARCH_USER_PATHS = NO;
				CLANG_ANALYZER_NONNULL = YES;
				CLANG_ANALYZER_NUMBER_OBJECT_CONVERSION = YES_AGGRESSIVE;
				CLANG_CXX_LANGUAGE_STANDARD = "gnu++0x";
				CLANG_CXX_LIBRARY = "libc++";
				CLANG_ENABLE_MODULES = YES;
				CLANG_ENABLE_OBJC_ARC = YES;
				CLANG_WARN_BOOL_CONVERSION = YES;
				CLANG_WARN_CONSTANT_CONVERSION = YES;
				CLANG_WARN_DIRECT_OBJC_ISA_USAGE = YES_ERROR;
				CLANG_WARN_DOCUMENTATION_COMMENTS = YES;
				CLANG_WARN_EMPTY_BODY = YES;
				CLANG_WARN_ENUM_CONVERSION = YES;
				CLANG_WARN_INFINITE_RECURSION = YES;
				CLANG_WARN_INT_CONVERSION = YES;
				CLANG_WARN_OBJC_ROOT_CLASS = YES_ERROR;
				CLANG_WARN_SUSPICIOUS_MOVE = YES;
				CLANG_WARN_UNREACHABLE_CODE = YES;
				CLANG_WARN__DUPLICATE_METHOD_MATCH = YES;
				"CODE_SIGN_IDENTITY[sdk=iphoneos*]" = "iPhone Developer";
				COPY_PHASE_STRIP = NO;
				DEBUG_INFORMATION_FORMAT = "dwarf-with-dsym";
				ENABLE_NS_ASSERTIONS = NO;
				ENABLE_STRICT_OBJC_MSGSEND = YES;
				GCC_C_LANGUAGE_STANDARD = gnu99;
				GCC_NO_COMMON_BLOCKS = YES;
				GCC_WARN_64_TO_32_BIT_CONVERSION = YES;
				GCC_WARN_ABOUT_RETURN_TYPE = YES_ERROR;
				GCC_WARN_UNDECLARED_SELECTOR = YES;
				GCC_WARN_UNINITIALIZED_AUTOS = YES_AGGRESSIVE;
				GCC_WARN_UNUSED_FUNCTION = YES;
				GCC_WARN_UNUSED_VARIABLE = YES;
				IPHONEOS_DEPLOYMENT_TARGET = 10.3;
				MTL_ENABLE_DEBUG_INFO = NO;
				SDKROOT = iphoneos;
				SWIFT_OPTIMIZATION_LEVEL = "-Owholemodule";
				TARGETED_DEVICE_FAMILY = "1,2";
				VALIDATE_PRODUCT = YES;
			};
			name = Release;
		};
		E585BF441F70446A00D1DF3D /* Debug */ = {
			isa = XCBuildConfiguration;
			buildSettings = {
				ASSETCATALOG_COMPILER_APPICON_NAME = AppIcon;
				INFOPLIST_FILE = FoodTracker/Info.plist;
				LD_RUNPATH_SEARCH_PATHS = "$(inherited) @executable_path/Frameworks";
				PRODUCT_BUNDLE_IDENTIFIER = cfdhbdApps.FoodTracker;
				PRODUCT_NAME = "$(TARGET_NAME)";
				SWIFT_VERSION = 3.0;
			};
			name = Debug;
		};
		E585BF451F70446A00D1DF3D /* Release */ = {
			isa = XCBuildConfiguration;
			buildSettings = {
				ASSETCATALOG_COMPILER_APPICON_NAME = AppIcon;
				INFOPLIST_FILE = FoodTracker/Info.plist;
				LD_RUNPATH_SEARCH_PATHS = "$(inherited) @executable_path/Frameworks";
				PRODUCT_BUNDLE_IDENTIFIER = cfdhbdApps.FoodTracker;
				PRODUCT_NAME = "$(TARGET_NAME)";
				SWIFT_VERSION = 3.0;
			};
			name = Release;
		};
		E585BF471F70446A00D1DF3D /* Debug */ = {
			isa = XCBuildConfiguration;
			buildSettings = {
				ALWAYS_EMBED_SWIFT_STANDARD_LIBRARIES = YES;
				BUNDLE_LOADER = "$(TEST_HOST)";
				INFOPLIST_FILE = FoodTrackerTests/Info.plist;
				LD_RUNPATH_SEARCH_PATHS = "$(inherited) @executable_path/Frameworks @loader_path/Frameworks";
				PRODUCT_BUNDLE_IDENTIFIER = cfdhbdApps.FoodTrackerTests;
				PRODUCT_NAME = "$(TARGET_NAME)";
				SWIFT_VERSION = 3.0;
				TEST_HOST = "$(BUILT_PRODUCTS_DIR)/FoodTracker.app/FoodTracker";
			};
			name = Debug;
		};
		E585BF481F70446A00D1DF3D /* Release */ = {
			isa = XCBuildConfiguration;
			buildSettings = {
				ALWAYS_EMBED_SWIFT_STANDARD_LIBRARIES = YES;
				BUNDLE_LOADER = "$(TEST_HOST)";
				INFOPLIST_FILE = FoodTrackerTests/Info.plist;
				LD_RUNPATH_SEARCH_PATHS = "$(inherited) @executable_path/Frameworks @loader_path/Frameworks";
				PRODUCT_BUNDLE_IDENTIFIER = cfdhbdApps.FoodTrackerTests;
				PRODUCT_NAME = "$(TARGET_NAME)";
				SWIFT_VERSION = 3.0;
				TEST_HOST = "$(BUILT_PRODUCTS_DIR)/FoodTracker.app/FoodTracker";
			};
			name = Release;
		};
		E585BF4A1F70446A00D1DF3D /* Debug */ = {
			isa = XCBuildConfiguration;
			buildSettings = {
				ALWAYS_EMBED_SWIFT_STANDARD_LIBRARIES = YES;
				INFOPLIST_FILE = FoodTrackerUITests/Info.plist;
				LD_RUNPATH_SEARCH_PATHS = "$(inherited) @executable_path/Frameworks @loader_path/Frameworks";
				PRODUCT_BUNDLE_IDENTIFIER = cfdhbdApps.FoodTrackerUITests;
				PRODUCT_NAME = "$(TARGET_NAME)";
				SWIFT_VERSION = 3.0;
				TEST_TARGET_NAME = FoodTracker;
			};
			name = Debug;
		};
		E585BF4B1F70446A00D1DF3D /* Release */ = {
			isa = XCBuildConfiguration;
			buildSettings = {
				ALWAYS_EMBED_SWIFT_STANDARD_LIBRARIES = YES;
				INFOPLIST_FILE = FoodTrackerUITests/Info.plist;
				LD_RUNPATH_SEARCH_PATHS = "$(inherited) @executable_path/Frameworks @loader_path/Frameworks";
				PRODUCT_BUNDLE_IDENTIFIER = cfdhbdApps.FoodTrackerUITests;
				PRODUCT_NAME = "$(TARGET_NAME)";
				SWIFT_VERSION = 3.0;
				TEST_TARGET_NAME = FoodTracker;
			};
			name = Release;
		};
/* End XCBuildConfiguration section */

/* Begin XCConfigurationList section */
		E585BF161F70446A00D1DF3D /* Build configuration list for PBXProject "FoodTracker" */ = {
			isa = XCConfigurationList;
			buildConfigurations = (
				E585BF411F70446A00D1DF3D /* Debug */,
				E585BF421F70446A00D1DF3D /* Release */,
			);
			defaultConfigurationIsVisible = 0;
			defaultConfigurationName = Release;
		};
		E585BF431F70446A00D1DF3D /* Build configuration list for PBXNativeTarget "FoodTracker" */ = {
			isa = XCConfigurationList;
			buildConfigurations = (
				E585BF441F70446A00D1DF3D /* Debug */,
				E585BF451F70446A00D1DF3D /* Release */,
			);
			defaultConfigurationIsVisible = 0;
		};
		E585BF461F70446A00D1DF3D /* Build configuration list for PBXNativeTarget "FoodTrackerTests" */ = {
			isa = XCConfigurationList;
			buildConfigurations = (
				E585BF471F70446A00D1DF3D /* Debug */,
				E585BF481F70446A00D1DF3D /* Release */,
			);
			defaultConfigurationIsVisible = 0;
		};
		E585BF491F70446A00D1DF3D /* Build configuration list for PBXNativeTarget "FoodTrackerUITests" */ = {
			isa = XCConfigurationList;
			buildConfigurations = (
				E585BF4A1F70446A00D1DF3D /* Debug */,
				E585BF4B1F70446A00D1DF3D /* Release */,
			);
			defaultConfigurationIsVisible = 0;
		};
/* End XCConfigurationList section */
	};
	rootObject = E585BF131F70446A00D1DF3D /* Project object */;
}
